Microsoft Visual Studio Solution File, Format Version 12.00
# Visual Studio Version 17
VisualStudioVersion = 17.5.2.0
MinimumVisualStudioVersion = 10.0.40219.1
Project("{FAE04EC0-301F-11D3-BF4B-00C04F79EFBC}") = "R2-D20B", "R2-D20B\R2-D20B.csproj", "{61A47A44-9C67-9E90-D600-AA0D1120794A}"
EndProject
Global
	GlobalSection(SolutionConfigurationPlatforms) = preSolution
		Debug|Any CPU = Debug|Any CPU
		Release|Any CPU = Release|Any CPU
	EndGlobalSection
	GlobalSection(ProjectConfigurationPlatforms) = postSolution
		{61A47A44-9C67-9E90-D600-AA0D1120794A}.Debug|Any CPU.ActiveCfg = Debug|Any CPU
		{61A47A44-9C67-9E90-D600-AA0D1120794A}.Debug|Any CPU.Build.0 = Debug|Any CPU
		{61A47A44-9C67-9E90-D600-AA0D1120794A}.Release|Any CPU.ActiveCfg = Release|Any CPU
		{61A47A44-9C67-9E90-D600-AA0D1120794A}.Release|Any CPU.Build.0 = Release|Any CPU
	EndGlobalSection
	GlobalSection(SolutionProperties) = preSolution
		HideSolutionNode = FALSE
	EndGlobalSection
	GlobalSection(ExtensibilityGlobals) = postSolution
		SolutionGuid = {7CAA816E-2800-4170-A276-2DF7972B1CD5}
	EndGlobalSection
EndGlobal
